
Microsoft Visual Studio Solution File, Format Version 12.00
# Visual Studio Version 16
VisualStudioVersion = 16.0.30503.244
MinimumVisualStudioVersion = 10.0.40219.1
Project("{FAE04EC0-301F-11D3-BF4B-00C04F79EFBC}") = "Day01", "Day01\Day01.csproj", "{4D4A8B50-B6AC-46E9-A433-82E6963AE18B}"
EndProject
Project("{FAE04EC0-301F-11D3-BF4B-00C04F79EFBC}") = "Day02", "Day02\Day02.csproj", "{3BD55674-00B3-4527-AB42-2BB9BBE87C4C}"
EndProject
Global
	GlobalSection(SolutionConfigurationPlatforms) = preSolution
		Debug|Any CPU = Debug|Any CPU
		Release|Any CPU = Release|Any CPU
	EndGlobalSection
	GlobalSection(ProjectConfigurationPlatforms) = postSolution
		{4D4A8B50-B6AC-46E9-A433-82E6963AE18B}.Debug|Any CPU.ActiveCfg = Debug|Any CPU
		{4D4A8B50-B6AC-46E9-A433-82E6963AE18B}.Debug|Any CPU.Build.0 = Debug|Any CPU
		{4D4A8B50-B6AC-46E9-A433-82E6963AE18B}.Release|Any CPU.ActiveCfg = Release|Any CPU
		{4D4A8B50-B6AC-46E9-A433-82E6963AE18B}.Release|Any CPU.Build.0 = Release|Any CPU
		{3BD55674-00B3-4527-AB42-2BB9BBE87C4C}.Debug|Any CPU.ActiveCfg = Debug|Any CPU
		{3BD55674-00B3-4527-AB42-2BB9BBE87C4C}.Debug|Any CPU.Build.0 = Debug|Any CPU
		{3BD55674-00B3-4527-AB42-2BB9BBE87C4C}.Release|Any CPU.ActiveCfg = Release|Any CPU
		{3BD55674-00B3-4527-AB42-2BB9BBE87C4C}.Release|Any CPU.Build.0 = Release|Any CPU
	EndGlobalSection
	GlobalSection(SolutionProperties) = preSolution
		HideSolutionNode = FALSE
	EndGlobalSection
	GlobalSection(ExtensibilityGlobals) = postSolution
		SolutionGuid = {AE4CE182-14E5-4401-859A-83E0ED9AFA3F}
	EndGlobalSection
EndGlobal
